
Microsoft Visual Studio Solution File, Format Version 12.00
# Visual Studio Version 17
VisualStudioVersion = 17.8.34525.116
MinimumVisualStudioVersion = 10.0.40219.1
Project("{9A19103F-16F7-4668-BE54-9A1E7A4F7556}") = "BlazorApp1", "BlazorApp1.csproj", "{0E5928A1-46A0-4BEE-BFB2-31DEBD886E9C}"
EndProject
Global
	GlobalSection(SolutionConfigurationPlatforms) = preSolution
		Debug|Any CPU = Debug|Any CPU
		Release|Any CPU = Release|Any CPU
	EndGlobalSection
	GlobalSection(ProjectConfigurationPlatforms) = postSolution
		{0E5928A1-46A0-4BEE-BFB2-31DEBD886E9C}.Debug|Any CPU.ActiveCfg = Debug|Any CPU
		{0E5928A1-46A0-4BEE-BFB2-31DEBD886E9C}.Debug|Any CPU.Build.0 = Debug|Any CPU
		{0E5928A1-46A0-4BEE-BFB2-31DEBD886E9C}.Release|Any CPU.ActiveCfg = Release|Any CPU
		{0E5928A1-46A0-4BEE-BFB2-31DEBD886E9C}.Release|Any CPU.Build.0 = Release|Any CPU
	EndGlobalSection
	GlobalSection(SolutionProperties) = preSolution
		HideSolutionNode = FALSE
	EndGlobalSection
	GlobalSection(ExtensibilityGlobals) = postSolution
		SolutionGuid = {630160C2-04D0-4334-B6F1-1EFB6C0F14EC}
	EndGlobalSection
EndGlobal
